{
  "name": "socho-assets",
  "version": "0.0.1",
  "lockfileVersion": 3,
  "requires": true,
  "packages": {
    "": {
      "name": "socho-assets",
      "version": "0.0.1",
      "dependencies": {
        "@jspsych-contrib/plugin-survey-slider": "*",
        "@jspsych/plugin-animation": "*",
        "@jspsych/plugin-audio-button-response": "*",
        "@jspsych/plugin-audio-keyboard-response": "*",
        "@jspsych/plugin-canvas-button-response": "*",
        "@jspsych/plugin-canvas-keyboard-response": "*",
        "@jspsych/plugin-categorize-html": "*",
        "@jspsych/plugin-categorize-image": "*",
        "@jspsych/plugin-free-sort": "*",
        "@jspsych/plugin-fullscreen": "*",
        "@jspsych/plugin-html-button-response": "2.1.0",
        "@jspsych/plugin-html-keyboard-response": "2.1.0",
        "@jspsych/plugin-iat-html": "*",
        "@jspsych/plugin-image-button-response": "*",
        "@jspsych/plugin-image-keyboard-response": "*",
        "@jspsych/plugin-instructions": "*",
        "@jspsych/plugin-preload": "*",
        "@jspsych/plugin-reconstruction": "*",
        "@jspsych/plugin-resize": "*",
        "@jspsych/plugin-same-different-html": "*",
        "@jspsych/plugin-same-different-image": "*",
        "@jspsych/plugin-serial-reaction-time": "*",
        "@jspsych/plugin-serial-reaction-time-mouse": "*",
        "@jspsych/plugin-sketchpad": "*",
        "@jspsych/plugin-survey": "*",
        "@jspsych/plugin-survey-html-form": "*",
        "@jspsych/plugin-survey-likert": "*",
        "@jspsych/plugin-survey-multi-choice": "*",
        "@jspsych/plugin-survey-multi-select": "*",
        "@jspsych/plugin-survey-text": "*",
        "@jspsych/plugin-video-button-response": "*",
        "@jspsych/plugin-video-keyboard-response": "*",
        "@jspsych/plugin-virtual-chinrest": "*",
        "jspsych": "8.2.3"
      }
    },
    "node_modules/@jspsych-contrib/plugin-survey-slider": {
      "version": "2.0.0",
      "resolved": "https://registry.npmjs.org/@jspsych-contrib/plugin-survey-slider/-/plugin-survey-slider-2.0.0.tgz",
      "integrity": "sha512-9W/3Wl7se7gwomXTiRohEcbVm7FpsCJuVNtK3/OPgw9V3nhN4trOLnW+LWpgKC2kE72vFLuog0cnIuG9sMy1Fw==",
      "license": "MIT",
      "peerDependencies": {
        "jspsych": ">=8.0.0"
      }
    },
    "node_modules/@jspsych/plugin-animation": {
      "version": "2.1.0",
      "resolved": "https://registry.npmjs.org/@jspsych/plugin-animation/-/plugin-animation-2.1.0.tgz",
      "integrity": "sha512-3B/JvUS3xsu3KhtaEgbkTjeEMvkUCFME6dErR+RArEi1WG/J6P5aOCUO0Vdfcn2PSw+nbgmlb59s500cOViGaA==",
      "license": "MIT",
      "peerDependencies": {
        "jspsych": ">=7.1.0"
      }
    },
    "node_modules/@jspsych/plugin-audio-button-response": {
      "version": "2.1.1",
      "resolved": "https://registry.npmjs.org/@jspsych/plugin-audio-button-response/-/plugin-audio-button-response-2.1.1.tgz",
      "integrity": "sha512-gKE6n99HpjGMSZ+5D8E/Qa0zfXef50cF3aWbXlSHGWqZS4REEpRkBOBGo+exdJ9lK+EKPGR+MUSrz3XXnkFC/w==",
      "license": "MIT",
      "peerDependencies": {
        "jspsych": ">=7.1.0"
      }
    },
    "node_modules/@jspsych/plugin-audio-keyboard-response": {
      "version": "2.1.1",
      "resolved": "https://registry.npmjs.org/@jspsych/plugin-audio-keyboard-response/-/plugin-audio-keyboard-response-2.1.1.tgz",
      "integrity": "sha512-fbZ6+cit1bCgO0yhs27CNJa+4aSFFyAVaDavD7ZAPhKMj97pAeX4KTBOksOnrFNYGUOlYZztHSvqbhdzay/j2Q==",
      "license": "MIT",
      "peerDependencies": {
        "jspsych": ">=7.1.0"
      }
    },
    "node_modules/@jspsych/plugin-canvas-button-response": {
      "version": "2.1.0",
      "resolved": "https://registry.npmjs.org/@jspsych/plugin-canvas-button-response/-/plugin-canvas-button-response-2.1.0.tgz",
      "integrity": "sha512-t2potUc+1qx6xx5ymC2D+v0Qlx3brKXhKxD2Tr0AoRvskN3CR74EpTj7T7yILe9GldNgITC25CMfo6FVjA8jQg==",
      "license": "MIT",
      "peerDependencies": {
        "jspsych": ">=7.1.0"
      }
    },
    "node_modules/@jspsych/plugin-canvas-keyboard-response": {
      "version": "2.1.0",
      "resolved": "https://registry.npmjs.org/@jspsych/plugin-canvas-keyboard-response/-/plugin-canvas-keyboard-response-2.1.0.tgz",
      "integrity": "sha512-8bPX6QV4vMkpxGEFc5cErxx7513GIZrWyD8xrRm29MoE0nzjohlZYINAChr1DlL4KESbffl0H09o9mnzpRb5GQ==",
      "license": "MIT",
      "peerDependencies": {
        "jspsych": ">=7.1.0"
      }
    },
    "node_modules/@jspsych/plugin-categorize-html": {
      "version": "2.1.0",
      "resolved": "https://registry.npmjs.org/@jspsych/plugin-categorize-html/-/plugin-categorize-html-2.1.0.tgz",
      "integrity": "sha512-pRK6Fc5z0IgcjLbC+xTOBwHOes/FRqYuJaSoFWhZaorVqdI+dgzCuyZdxd92hFZIcLLXSjn+xtLbpytPopidTw==",
      "license": "MIT",
      "peerDependencies": {
        "jspsych": ">=7.1.0"
      }
    },
    "node_modules/@jspsych/plugin-categorize-image": {
      "version": "2.1.0",
      "resolved": "https://registry.npmjs.org/@jspsych/plugin-categorize-image/-/plugin-categorize-image-2.1.0.tgz",
      "integrity": "sha512-Ng3n3jqQKuIhE73Co40YjwCyfR2UmCtbAdBnpLAFfQf0JxcgMhgjNMjAL5lOc0qryrZQIa84i3ltPJcMKMdI9g==",
      "license": "MIT",
      "peerDependencies": {
        "jspsych": ">=7.1.0"
      }
    },
    "node_modules/@jspsych/plugin-free-sort": {
      "version": "2.1.0",
      "resolved": "https://registry.npmjs.org/@jspsych/plugin-free-sort/-/plugin-free-sort-2.1.0.tgz",
      "integrity": "sha512-KC7tN/4fA9rsK7DCba3Y6APlQ5X2Bmd5oeAPLRhX8aB8nQLeLu3x4mTL2ANi9rwH7NtCYoi0uCknV4KW9iPmuA==",
      "license": "MIT",
      "peerDependencies": {
        "jspsych": ">=7.1.0"
      }
    },
    "node_modules/@jspsych/plugin-fullscreen": {
      "version": "2.1.0",
      "resolved": "https://registry.npmjs.org/@jspsych/plugin-fullscreen/-/plugin-fullscreen-2.1.0.tgz",
      "integrity": "sha512-mPS3393R66Hm144LumXB2I8zHvXbUmF6e1+gZzdYm4nE5o5k0rLZZmuPRtEQl5+JFyEmk+tyH/CwL+KNGOD8cw==",
      "license": "MIT",
      "peerDependencies": {
        "jspsych": ">=7.1.0"
      }
    },
    "node_modules/@jspsych/plugin-html-button-response": {
      "version": "2.1.0",
      "resolved": "https://registry.npmjs.org/@jspsych/plugin-html-button-response/-/plugin-html-button-response-2.1.0.tgz",
      "integrity": "sha512-AhJPePA8s/ount+QYtqfgMtEkz7g+j+bnhQ9XqxfsnK2f5MdnlakYtpjxW9YgFx9y0Gs7yb7OZk1+omcKlzaEQ==",
      "license": "MIT",
      "peerDependencies": {
        "jspsych": ">=7.1.0"
      }
    },
    "node_modules/@jspsych/plugin-html-keyboard-response": {
      "version": "2.1.0",
      "resolved": "https://registry.npmjs.org/@jspsych/plugin-html-keyboard-response/-/plugin-html-keyboard-response-2.1.0.tgz",
      "integrity": "sha512-NmtYU9798mEJ6CLQREp6bNHo1e+Ca5zwAznBlREmpUMdOrqBhTLrF5T/Gg4t2MJHm4lFN/fwHJtt0g5vMAoYFg==",
      "license": "MIT",
      "peerDependencies": {
        "jspsych": ">=7.1.0"
      }
    },
    "node_modules/@jspsych/plugin-iat-html": {
      "version": "2.1.0",
      "resolved": "https://registry.npmjs.org/@jspsych/plugin-iat-html/-/plugin-iat-html-2.1.0.tgz",
      "integrity": "sha512-IeIubW/AXM/kRIrtgQbELT+9cO40uUUaWCedzqoUElbRQZheoidU91HnlOJatFrF7l0G4v7gp1wi3TVhixO38w==",
      "license": "MIT",
      "peerDependencies": {
        "jspsych": ">=7.1.0"
      }
    },
    "node_modules/@jspsych/plugin-image-button-response": {
      "version": "2.2.0",
      "resolved": "https://registry.npmjs.org/@jspsych/plugin-image-button-response/-/plugin-image-button-response-2.2.0.tgz",
      "integrity": "sha512-Hw1FW/6G8YzOtbBAYV6PCed/5vNL6CHDLJOST/m/PGEoGadqGyaC62soeRdYZy4kGwKjsoAyHmj1FXSJSsukyg==",
      "license": "MIT",
      "peerDependencies": {
        "jspsych": ">=7.1.0"
      }
    },
    "node_modules/@jspsych/plugin-image-keyboard-response": {
      "version": "2.1.0",
      "resolved": "https://registry.npmjs.org/@jspsych/plugin-image-keyboard-response/-/plugin-image-keyboard-response-2.1.0.tgz",
      "integrity": "sha512-HvE9I1/p4b+UpzkZCZs63KuXe7JP3IflFvSzW5CK2TUcD56GB1+8/Vncno4OBcAbzuAv/PyiW9ErFiYI3aszOA==",
      "license": "MIT",
      "peerDependencies": {
        "jspsych": ">=7.1.0"
      }
    },
    "node_modules/@jspsych/plugin-instructions": {
      "version": "2.1.0",
      "resolved": "https://registry.npmjs.org/@jspsych/plugin-instructions/-/plugin-instructions-2.1.0.tgz",
      "integrity": "sha512-jg3bepI9axwenGMNGunmcnnsXn4V2xMhVrzfHUGkA7AP/TQLdS8aeNqwhq3SVy6EXPX8X+r/sr2GKHrXeViRFA==",
      "license": "MIT",
      "peerDependencies": {
        "jspsych": ">=7.1.0"
      }
    },
    "node_modules/@jspsych/plugin-preload": {
      "version": "2.1.0",
      "resolved": "https://registry.npmjs.org/@jspsych/plugin-preload/-/plugin-preload-2.1.0.tgz",
      "integrity": "sha512-tQUViQQNK5RXc+sYjNyV1NKl8gt9Wl+sZ55kpW1eEn9I84WCSBtjPDthr7WxGMZeK+E/ybYucWMVcIwlncaHAg==",
      "license": "MIT",
      "peerDependencies": {
        "jspsych": ">=7.1.0"
      }
    },
    "node_modules/@jspsych/plugin-reconstruction": {
      "version": "2.1.0",
      "resolved": "https://registry.npmjs.org/@jspsych/plugin-reconstruction/-/plugin-reconstruction-2.1.0.tgz",
      "integrity": "sha512-3JiFAViqpS0cpWiwZonV3MCmHbfil78DWugX02pcYnUWqtx0DsfmeUOmYEjD8JWKIXazS5Qh1GEpIqxdtb9BPw==",
      "license": "MIT",
      "peerDependencies": {
        "jspsych": ">=7.1.0"
      }
    },
    "node_modules/@jspsych/plugin-resize": {
      "version": "2.1.0",
      "resolved": "https://registry.npmjs.org/@jspsych/plugin-resize/-/plugin-resize-2.1.0.tgz",
      "integrity": "sha512-nwCKmn6VgsLRkRGyc60h34+JtmRH8/QFSiKxyfnZt30JmeEdoliG3/N845AtmBTiSyCUW9lqHjoBtJLmr2d4hQ==",
      "license": "MIT",
      "peerDependencies": {
        "jspsych": ">=7.0.0"
      }
    },
    "node_modules/@jspsych/plugin-same-different-html": {
      "version": "2.1.0",
      "resolved": "https://registry.npmjs.org/@jspsych/plugin-same-different-html/-/plugin-same-different-html-2.1.0.tgz",
      "integrity": "sha512-wRgbm7S/ZbrAlu5yy8tPO9BXoO5TPoeP97R5hmigOJGmKkWpzdakD37Fit3cr756fsF7MLQsDL4RjGlZEtFi5w==",
      "license": "MIT",
      "peerDependencies": {
        "jspsych": ">=7.1.0"
      }
    },
    "node_modules/@jspsych/plugin-same-different-image": {
      "version": "2.1.0",
      "resolved": "https://registry.npmjs.org/@jspsych/plugin-same-different-image/-/plugin-same-different-image-2.1.0.tgz",
      "integrity": "sha512-IUbU+1dfrDHvebCsvbsLmnEMbEm80WpiyDyv8O2tuS30yqbnJgJo3yQNCFr9VY7rOCEOsuU4TUvulKAICQB+cg==",
      "license": "MIT",
      "peerDependencies": {
        "jspsych": ">=7.1.0"
      }
    },
    "node_modules/@jspsych/plugin-serial-reaction-time": {
      "version": "2.1.0",
      "resolved": "https://registry.npmjs.org/@jspsych/plugin-serial-reaction-time/-/plugin-serial-reaction-time-2.1.0.tgz",
      "integrity": "sha512-1xcrgj4ZvSEeV83PnRbN/dmYzucwPRpOqYgP7dDdpUgTi5KwmGl/OcoVuipWxSXv9z/IRMvQdKLTzftcY+DU+g==",
      "license": "MIT",
      "peerDependencies": {
        "jspsych": ">=7.1.0"
      }
    },
    "node_modules/@jspsych/plugin-serial-reaction-time-mouse": {
      "version": "2.2.0",
      "resolved": "https://registry.npmjs.org/@jspsych/plugin-serial-reaction-time-mouse/-/plugin-serial-reaction-time-mouse-2.2.0.tgz",
      "integrity": "sha512-Ivu1g0y5F3p+VJVEKz89vNpAAM4L/NRnwkD94rVStq8JlF/LvUZT/jXNQgsnfPjwXBP+j0UugFjMOJROjmvGPQ==",
      "license": "MIT",
      "peerDependencies": {
        "jspsych": ">=7.1.0"
      }
    },
    "node_modules/@jspsych/plugin-sketchpad": {
      "version": "2.1.0",
      "resolved": "https://registry.npmjs.org/@jspsych/plugin-sketchpad/-/plugin-sketchpad-2.1.0.tgz",
      "integrity": "sha512-sDWghV0cMYcS7a1XvjE6u00axsBCvNr8+WVpeqlC15MTtNaCDcdewDcC0B8UlTxchsdWgRHsq5LISfkmQVISwQ==",
      "license": "MIT",
      "peerDependencies": {
        "jspsych": ">=7.1.0"
      }
    },
    "node_modules/@jspsych/plugin-survey": {
      "version": "4.0.0",
      "resolved": "https://registry.npmjs.org/@jspsych/plugin-survey/-/plugin-survey-4.0.0.tgz",
      "integrity": "sha512-DUxDnCUpO3T3ySDDZw/sKm71q8RhZsuTJCQlCZrYGnkes+RQc6G1UDnqWqNWp6rWo9fY65nhQ+Tf2+yrVqg6xw==",
      "license": "MIT",
      "dependencies": {
        "survey-core": "^2.3.12",
        "survey-js-ui": "^2.3.12"
      },
      "peerDependencies": {
        "jspsych": ">=7.0.0"
      }
    },
    "node_modules/@jspsych/plugin-survey-html-form": {
      "version": "2.1.0",
      "resolved": "https://registry.npmjs.org/@jspsych/plugin-survey-html-form/-/plugin-survey-html-form-2.1.0.tgz",
      "integrity": "sha512-jM9xSaojD7+xqL7yVjn7FUmboH3QAFBAaNOLBSUNJNQpGaJmGRtjrmlPggLp24Bnjd/jkjnThFj+z88Mgr67gQ==",
      "license": "MIT",
      "peerDependencies": {
        "jspsych": ">=7.1.0"
      }
    },
    "node_modules/@jspsych/plugin-survey-likert": {
      "version": "2.2.0",
      "resolved": "https://registry.npmjs.org/@jspsych/plugin-survey-likert/-/plugin-survey-likert-2.2.0.tgz",
      "integrity": "sha512-FCDvSytFTbcd6TSV5MeODxNFSu9MrX+7QIQZGaUXS1WwsuFmonjBz29y6PjR0+7Y2gRlL2V6uP8/84G6JPQCJw==",
      "license": "MIT",
      "peerDependencies": {
        "jspsych": ">=7.1.0"
      }
    },
    "node_modules/@jspsych/plugin-survey-multi-choice": {
      "version": "2.2.0",
      "resolved": "https://registry.npmjs.org/@jspsych/plugin-survey-multi-choice/-/plugin-survey-multi-choice-2.2.0.tgz",
      "integrity": "sha512-G7MZQbm89HekOuX+KQzvuBilwtVhFyy+yVLDdg8qp1N/CbLhb4B8EYKnMD0Qs0ILxL3k8k26hmDpiP/eShQx4w==",
      "license": "MIT",
      "peerDependencies": {
        "jspsych": ">=7.1.0"
      }
    },
    "node_modules/@jspsych/plugin-survey-multi-select": {
      "version": "2.1.0",
      "resolved": "https://registry.npmjs.org/@jspsych/plugin-survey-multi-select/-/plugin-survey-multi-select-2.1.0.tgz",
      "integrity": "sha512-PkkmagzPqmDZc+4EpC1NGx/nyk2rb06bQjmhxQm8O8kNPUB8TH7nazJWy4sjxAS/UV8cv9rpODmGTAfKcrxOKw==",
      "license": "MIT",
      "peerDependencies": {
        "jspsych": ">=7.1.0"
      }
    },
    "node_modules/@jspsych/plugin-survey-text": {
      "version": "2.1.0",
      "resolved": "https://registry.npmjs.org/@jspsych/plugin-survey-text/-/plugin-survey-text-2.1.0.tgz",
      "integrity": "sha512-tomq4mi6KLkQeOHaVkXqKdKsLNsFuPxVug0BFMp3AWYs76slcmE4SDjPLt1ONGVixcIsug2G9oHRLJPXsGb+BA==",
      "license": "MIT",
      "peerDependencies": {
        "jspsych": ">=7.1.0"
      }
    },
    "node_modules/@jspsych/plugin-video-button-response": {
      "version": "2.1.1",
      "resolved": "https://registry.npmjs.org/@jspsych/plugin-video-button-response/-/plugin-video-button-response-2.1.1.tgz",
      "integrity": "sha512-UqapyxGqqNXi4kXFXOW8ad/3xuPyYyTGkTGfkhDcEljntH9R5CUp4OnErqhgCtJ7RvA0/gRgxUxJHglZqdEsrQ==",
      "license": "MIT",
      "peerDependencies": {
        "jspsych": ">=7.1.0"
      }
    },
    "node_modules/@jspsych/plugin-video-keyboard-response": {
      "version": "2.1.1",
      "resolved": "https://registry.npmjs.org/@jspsych/plugin-video-keyboard-response/-/plugin-video-keyboard-response-2.1.1.tgz",
      "integrity": "sha512-Yti0TafjSdbPlQZfl2J4vCgAZ900mVbXkywcxQTJsrl5Z7o+JGnzne99mJfpQzwWYTMhR+/AEDvEobPZRjtbow==",
      "license": "MIT",
      "peerDependencies": {
        "jspsych": ">=7.1.0"
      }
    },
    "node_modules/@jspsych/plugin-virtual-chinrest": {
      "version": "3.1.0",
      "resolved": "https://registry.npmjs.org/@jspsych/plugin-virtual-chinrest/-/plugin-virtual-chinrest-3.1.0.tgz",
      "integrity": "sha512-5PQfCRruwosOliqaltjpYltIo1teypByz6Fa0RBFxj4vKeMTl3WUM2A0ogeBcV4pLDgMFbJTrBLLgtlOsPLHpQ==",
      "license": "MIT",
      "peerDependencies": {
        "jspsych": ">=7.0.0"
      }
    },
    "node_modules/@types/react": {
      "version": "19.2.17",
      "resolved": "https://registry.npmjs.org/@types/react/-/react-19.2.17.tgz",
      "integrity": "sha512-MXfmqaVPEVgkBT/aY0aGCkRWWtByiYQXo3xdQ8r5RzuFrPiRn8Gar2tQdXSUQ2GKV3bkXckek89V8wQBY2Q/Aw==",
      "license": "MIT",
      "peer": true,
      "dependencies": {
        "csstype": "^3.2.2"
      }
    },
    "node_modules/@types/react-dom": {
      "version": "19.2.3",
      "resolved": "https://registry.npmjs.org/@types/react-dom/-/react-dom-19.2.3.tgz",
      "integrity": "sha512-jp2L/eY6fn+KgVVQAOqYItbF0VY/YApe5Mz2F0aykSO8gx31bYCZyvSeYxCHKvzHG5eZjc+zyaS5BrBWya2+kQ==",
      "license": "MIT",
      "peer": true,
      "peerDependencies": {
        "@types/react": "^19.2.0"
      }
    },
    "node_modules/auto-bind": {
      "version": "4.0.0",
      "resolved": "https://registry.npmjs.org/auto-bind/-/auto-bind-4.0.0.tgz",
      "integrity": "sha512-Hdw8qdNiqdJ8LqT0iK0sVzkFbzg6fhnQqqfWhBDxcHZvU75+B+ayzTy8x+k5Ix0Y92XOhOUlx74ps+bA6BeYMQ==",
      "license": "MIT",
      "engines": {
        "node": ">=8"
      },
      "funding": {
        "url": "https://github.com/sponsors/sindresorhus"
      }
    },
    "node_modules/csstype": {
      "version": "3.2.3",
      "resolved": "https://registry.npmjs.org/csstype/-/csstype-3.2.3.tgz",
      "integrity": "sha512-z1HGKcYy2xA8AGQfwrn0PAy+PB7X/GSj3UVJW9qKyn43xWa+gl5nXmU4qqLMRzWVLFC8KusUX8T/0kCiOYpAIQ==",
      "license": "MIT",
      "peer": true
    },
    "node_modules/jspsych": {
      "version": "8.2.3",
      "resolved": "https://registry.npmjs.org/jspsych/-/jspsych-8.2.3.tgz",
      "integrity": "sha512-jqKatUYHtDDxZgwNEkfyc9w11LLvDOCbfyTMg0J9a0WdCCUMOxlOYvCCk/o8fwH3sy4hTvAplQYhDg8XZ0SAeQ==",
      "license": "MIT",
      "dependencies": {
        "auto-bind": "^4.0.0",
        "random-words": "^1.1.1",
        "seedrandom": "^3.0.5",
        "type-fest": "^2.9.0"
      }
    },
    "node_modules/random-words": {
      "version": "1.3.0",
      "resolved": "https://registry.npmjs.org/random-words/-/random-words-1.3.0.tgz",
      "integrity": "sha512-brwCGe+DN9DqZrAQVNj1Tct1Lody6GrYL/7uei5wfjeQdacFyFd2h/51LNlOoBMzIKMS9xohuL4+wlF/z1g/xg==",
      "license": "MIT",
      "dependencies": {
        "seedrandom": "^3.0.5"
      }
    },
    "node_modules/seedrandom": {
      "version": "3.0.5",
      "resolved": "https://registry.npmjs.org/seedrandom/-/seedrandom-3.0.5.tgz",
      "integrity": "sha512-8OwmbklUNzwezjGInmZ+2clQmExQPvomqjL7LFqOYqtmuxRgQYqOD3mHaU+MvZn5FLUeVxVfQjwLZW/n/JFuqg==",
      "license": "MIT"
    },
    "node_modules/survey-core": {
      "version": "2.5.28",
      "resolved": "https://registry.npmjs.org/survey-core/-/survey-core-2.5.28.tgz",
      "integrity": "sha512-i0JKrwvwMIfB8R40p1JRhG+Qnyx69P7HNxWwyRVGfXCbGR7vWCMHMyu3PNqUzKZONgDA4Za4xi7jWQHOpLBq0Q==",
      "license": "MIT"
    },
    "node_modules/survey-js-ui": {
      "version": "2.5.28",
      "resolved": "https://registry.npmjs.org/survey-js-ui/-/survey-js-ui-2.5.28.tgz",
      "integrity": "sha512-KRGuMRKoF86WKtESbunNMRtqegw+MAAf4AxgSTQ059ocppmGXnyC5cmVnLj/mMpxgVDfjQAUZca+xqequXFdNg==",
      "license": "MIT",
      "peerDependencies": {
        "@types/react": "*",
        "@types/react-dom": "*",
        "survey-core": "2.5.28"
      }
    },
    "node_modules/type-fest": {
      "version": "2.19.0",
      "resolved": "https://registry.npmjs.org/type-fest/-/type-fest-2.19.0.tgz",
      "integrity": "sha512-RAH822pAdBgcNMAfWnCBU3CFZcfZ/i1eZjwFU/dsLKumyuuP3niueg2UAukXYF0E2AAoc82ZSSf9J0WQBinzHA==",
      "license": "(MIT OR CC0-1.0)",
      "engines": {
        "node": ">=12.20"
      },
      "funding": {
        "url": "https://github.com/sponsors/sindresorhus"
      }
    }
  }
}
